
Microsoft Visual Studio Solution File, Format Version 12.00
# Visual Studio 15
Project("{FAE04EC0-301F-11D3-BF4B-00C04F79EFBC}") = "Assembly-CSharp-Editor", "Assembly-CSharp-Editor.csproj", "{31FCCBCD-399A-3D43-D600-0D8D8ABB18F0}"
EndProject
Project("{FAE04EC0-301F-11D3-BF4B-00C04F79EFBC}") = "Assembly-CSharp", "Assembly-CSharp.csproj", "{831133AC-1E21-0DA7-7E98-5E44B534A763}"
EndProject
Global
	GlobalSection(SolutionConfigurationPlatforms) = preSolution
		Debug|Any CPU = Debug|Any CPU
		Release|Any CPU = Release|Any CPU
	EndGlobalSection
	GlobalSection(ProjectConfigurationPlatforms) = postSolution
		{31FCCBCD-399A-3D43-D600-0D8D8ABB18F0}.Debug|Any CPU.ActiveCfg = Debug|Any CPU
		{31FCCBCD-399A-3D43-D600-0D8D8ABB18F0}.Debug|Any CPU.Build.0 = Debug|Any CPU
		{31FCCBCD-399A-3D43-D600-0D8D8ABB18F0}.Release|Any CPU.ActiveCfg = Release|Any CPU
		{31FCCBCD-399A-3D43-D600-0D8D8ABB18F0}.Release|Any CPU.Build.0 = Release|Any CPU
		{831133AC-1E21-0DA7-7E98-5E44B534A763}.Debug|Any CPU.ActiveCfg = Debug|Any CPU
		{831133AC-1E21-0DA7-7E98-5E44B534A763}.Debug|Any CPU.Build.0 = Debug|Any CPU
		{831133AC-1E21-0DA7-7E98-5E44B534A763}.Release|Any CPU.ActiveCfg = Release|Any CPU
		{831133AC-1E21-0DA7-7E98-5E44B534A763}.Release|Any CPU.Build.0 = Release|Any CPU
	EndGlobalSection
	GlobalSection(SolutionProperties) = preSolution
		HideSolutionNode = FALSE
	EndGlobalSection
EndGlobal
